// !$*UTF8*$!
{
	archiveVersion = 1;
	classes = {
	};
	objectVersion = 56;
	objects = {

/* Begin PBXBuildFile section */
		D2734E012BBC029B00FE1E8E /* AppDelegate.swift in Sources */ = {isa = PBXBuildFile; fileRef = D2734E002BBC029B00FE1E8E /* AppDelegate.swift */; };
		D2734E032BBC029B00FE1E8E /* SceneDelegate.swift in Sources */ = {isa = PBXBuildFile; fileRef = D2734E022BBC029B00FE1E8E /* SceneDelegate.swift */; };
		D2734E052BBC029B00FE1E8E /* ViewController.swift in Sources */ = {isa = PBXBuildFile; fileRef = D2734E042BBC029B00FE1E8E /* ViewController.swift */; };
		D2734E082BBC029B00FE1E8E /* Base in Resources */ = {isa = PBXBuildFile; fileRef = D2734E072BBC029B00FE1E8E /* Base */; };
		D2734E0A2BBC029C00FE1E8E /* Assets.xcassets in Resources */ = {isa = PBXBuildFile; fileRef = D2734E092BBC029C00FE1E8E /* Assets.xcassets */; };
		D2734E0D2BBC029C00FE1E8E /* Base in Resources */ = {isa = PBXBuildFile; fileRef = D2734E0C2BBC029C00FE1E8E /* Base */; };
		D2734E182BBC029D00FE1E8E /* CalculadoraTests.swift in Sources */ = {isa = PBXBuildFile; fileRef = D2734E172BBC029D00FE1E8E /* CalculadoraTests.swift */; };
		D2734E222BBC029D00FE1E8E /* CalculadoraUITests.swift in Sources */ = {isa = PBXBuildFile; fileRef = D2734E212BBC029D00FE1E8E /* CalculadoraUITests.swift */; };
		D2734E242BBC029D00FE1E8E /* CalculadoraUITestsLaunchTests.swift in Sources */ = {isa = PBXBuildFile; fileRef = D2734E232BBC029D00FE1E8E /* CalculadoraUITestsLaunchTests.swift */; };
		D2734E352BBC39EA00FE1E8E /* ComponentesUI.swift in Sources */ = {isa = PBXBuildFile; fileRef = D2734E342BBC39EA00FE1E8E /* ComponentesUI.swift */; };
		D2734E372BBC3A6200FE1E8E /* Calculos.swift in Sources */ = {isa = PBXBuildFile; fileRef = D2734E362BBC3A6200FE1E8E /* Calculos.swift */; };
/* End PBXBuildFile section */

/* Begin PBXContainerItemProxy section */
		D2734E142BBC029D00FE1E8E /* PBXContainerItemProxy */ = {
			isa = PBXContainerItemProxy;
			containerPortal = D2734DF52BBC029B00FE1E8E /* Project object */;
			proxyType = 1;
			remoteGlobalIDString = D2734DFC2BBC029B00FE1E8E;
			remoteInfo = Calculadora;
		};
		D2734E1E2BBC029D00FE1E8E /* PBXContainerItemProxy */ = {
			isa = PBXContainerItemProxy;
			containerPortal = D2734DF52BBC029B00FE1E8E /* Project object */;
			proxyType = 1;
			remoteGlobalIDString = D2734DFC2BBC029B00FE1E8E;
			remoteInfo = Calculadora;
		};
/* End PBXContainerItemProxy section */

/* Begin PBXFileReference section */
		D2734DFD2BBC029B00FE1E8E /* Calculadora.app */ = {isa = PBXFileReference; explicitFileType = wrapper.application; includeInIndex = 0; path = Calculadora.app; sourceTree = BUILT_PRODUCTS_DIR; };
		D2734E002BBC029B00FE1E8E /* AppDelegate.swift */ = {isa = PBXFileReference; lastKnownFileType = sourcecode.swift; path = AppDelegate.swift; sourceTree = "<group>"; };
		D2734E022BBC029B00FE1E8E /* SceneDelegate.swift */ = {isa = PBXFileReference; lastKnownFileType = sourcecode.swift; path = SceneDelegate.swift; sourceTree = "<group>"; };
		D2734E042BBC029B00FE1E8E /* ViewController.swift */ = {isa = PBXFileReference; lastKnownFileType = sourcecode.swift; path = ViewController.swift; sourceTree = "<group>"; };
		D2734E072BBC029B00FE1E8E /* Base */ = {isa = PBXFileReference; lastKnownFileType = file.storyboard; name = Base; path = Base.lproj/Main.storyboard; sourceTree = "<group>"; };
		D2734E092BBC029C00FE1E8E /* Assets.xcassets */ = {isa = PBXFileReference; lastKnownFileType = folder.assetcatalog; path = Assets.xcassets; sourceTree = "<group>"; };
		D2734E0C2BBC029C00FE1E8E /* Base */ = {isa = PBXFileReference; lastKnownFileType = file.storyboard; name = Base; path = Base.lproj/LaunchScreen.storyboard; sourceTree = "<group>"; };
		D2734E0E2BBC029C00FE1E8E /* Info.plist */ = {isa = PBXFileReference; lastKnownFileType = text.plist.xml; path = Info.plist; sourceTree = "<group>"; };
		D2734E132BBC029D00FE1E8E /* CalculadoraTests.xctest */ = {isa = PBXFileReference; explicitFileType = wrapper.cfbundle; includeInIndex = 0; path = CalculadoraTests.xctest; sourceTree = BUILT_PRODUCTS_DIR; };
		D2734E172BBC029D00FE1E8E /* CalculadoraTests.swift */ = {isa = PBXFileReference; lastKnownFileType = sourcecode.swift; path = CalculadoraTests.swift; sourceTree = "<group>"; };
		D2734E1D2BBC029D00FE1E8E /* CalculadoraUITests.xctest */ = {isa = PBXFileReference; explicitFileType = wrapper.cfbundle; includeInIndex = 0; path = CalculadoraUITests.xctest; sourceTree = BUILT_PRODUCTS_DIR; };
		D2734E212BBC029D00FE1E8E /* CalculadoraUITests.swift */ = {isa = PBXFileReference; lastKnownFileType = sourcecode.swift; path = CalculadoraUITests.swift; sourceTree = "<group>"; };
		D2734E232BBC029D00FE1E8E /* CalculadoraUITestsLaunchTests.swift */ = {isa = PBXFileReference; lastKnownFileType = sourcecode.swift; path = CalculadoraUITestsLaunchTests.swift; sourceTree = "<group>"; };
		D2734E342BBC39EA00FE1E8E /* ComponentesUI.swift */ = {isa = PBXFileReference; lastKnownFileType = sourcecode.swift; path = ComponentesUI.swift; sourceTree = "<group>"; };
		D2734E362BBC3A6200FE1E8E /* Calculos.swift */ = {isa = PBXFileReference; lastKnownFileType = sourcecode.swift; path = Calculos.swift; sourceTree = "<group>"; };
/* End PBXFileReference section */

/* Begin PBXFrameworksBuildPhase section */
		D2734DFA2BBC029B00FE1E8E /* Frameworks */ = {
			isa = PBXFrameworksBuildPhase;
			buildActionMask = 2147483647;
			files = (
			);
			runOnlyForDeploymentPostprocessing = 0;
		};
		D2734E102BBC029D00FE1E8E /* Frameworks */ = {
			isa = PBXFrameworksBuildPhase;
			buildActionMask = 2147483647;
			files = (
			);
			runOnlyForDeploymentPostprocessing = 0;
		};
		D2734E1A2BBC029D00FE1E8E /* Frameworks */ = {
			isa = PBXFrameworksBuildPhase;
			buildActionMask = 2147483647;
			files = (
			);
			runOnlyForDeploymentPostprocessing = 0;
		};
/* End PBXFrameworksBuildPhase section */

/* Begin PBXGroup section */
		D2734DF42BBC029B00FE1E8E = {
			isa = PBXGroup;
			children = (
				D2734DFF2BBC029B00FE1E8E /* Calculadora */,
				D2734E162BBC029D00FE1E8E /* CalculadoraTests */,
				D2734E202BBC029D00FE1E8E /* CalculadoraUITests */,
				D2734DFE2BBC029B00FE1E8E /* Products */,
			);
			sourceTree = "<group>";
		};
		D2734DFE2BBC029B00FE1E8E /* Products */ = {
			isa = PBXGroup;
			children = (
				D2734DFD2BBC029B00FE1E8E /* Calculadora.app */,
				D2734E132BBC029D00FE1E8E /* CalculadoraTests.xctest */,
				D2734E1D2BBC029D00FE1E8E /* CalculadoraUITests.xctest */,
			);
			name = Products;
			sourceTree = "<group>";
		};
		D2734DFF2BBC029B00FE1E8E /* Calculadora */ = {
			isa = PBXGroup;
			children = (
				D2734E002BBC029B00FE1E8E /* AppDelegate.swift */,
				D2734E022BBC029B00FE1E8E /* SceneDelegate.swift */,
				D2734E042BBC029B00FE1E8E /* ViewController.swift */,
				D2734E362BBC3A6200FE1E8E /* Calculos.swift */,
				D2734E342BBC39EA00FE1E8E /* ComponentesUI.swift */,
				D2734E062BBC029B00FE1E8E /* Main.storyboard */,
				D2734E092BBC029C00FE1E8E /* Assets.xcassets */,
				D2734E0B2BBC029C00FE1E8E /* LaunchScreen.storyboard */,
				D2734E0E2BBC029C00FE1E8E /* Info.plist */,
			);
			path = Calculadora;
			sourceTree = "<group>";
		};
		D2734E162BBC029D00FE1E8E /* CalculadoraTests */ = {
			isa = PBXGroup;
			children = (
				D2734E172BBC029D00FE1E8E /* CalculadoraTests.swift */,
			);
			path = CalculadoraTests;
			sourceTree = "<group>";
		};
		D2734E202BBC029D00FE1E8E /* CalculadoraUITests */ = {
			isa = PBXGroup;
			children = (
				D2734E212BBC029D00FE1E8E /* CalculadoraUITests.swift */,
				D2734E232BBC029D00FE1E8E /* CalculadoraUITestsLaunchTests.swift */,
			);
			path = CalculadoraUITests;
			sourceTree = "<group>";
		};
/* End PBXGroup section */

/* Begin PBXNativeTarget section */
		D2734DFC2BBC029B00FE1E8E /* Calculadora */ = {
			isa = PBXNativeTarget;
			buildConfigurationList = D2734E272BBC029D00FE1E8E /* Build configuration list for PBXNativeTarget "Calculadora" */;
			buildPhases = (
				D2734DF92BBC029B00FE1E8E /* Sources */,
				D2734DFA2BBC029B00FE1E8E /* Frameworks */,
				D2734DFB2BBC029B00FE1E8E /* Resources */,
			);
			buildRules = (
			);
			dependencies = (
			);
			name = Calculadora;
			productName = Calculadora;
			productReference = D2734DFD2BBC029B00FE1E8E /* Calculadora.app */;
			productType = "com.apple.product-type.application";
		};
		D2734E122BBC029D00FE1E8E /* CalculadoraTests */ = {
			isa = PBXNativeTarget;
			buildConfigurationList = D2734E2A2BBC029D00FE1E8E /* Build configuration list for PBXNativeTarget "CalculadoraTests" */;
			buildPhases = (
				D2734E0F2BBC029D00FE1E8E /* Sources */,
				D2734E102BBC029D00FE1E8E /* Frameworks */,
				D2734E112BBC029D00FE1E8E /* Resources */,
			);
			buildRules = (
			);
			dependencies = (
				D2734E152BBC029D00FE1E8E /* PBXTargetDependency */,
			);
			name = CalculadoraTests;
			productName = CalculadoraTests;
			productReference = D2734E132BBC029D00FE1E8E /* CalculadoraTests.xctest */;
			productType = "com.apple.product-type.bundle.unit-test";
		};
		D2734E1C2BBC029D00FE1E8E /* CalculadoraUITests */ = {
			isa = PBXNativeTarget;
			buildConfigurationList = D2734E2D2BBC029D00FE1E8E /* Build configuration list for PBXNativeTarget "CalculadoraUITests" */;
			buildPhases = (
				D2734E192BBC029D00FE1E8E /* Sources */,
				D2734E1A2BBC029D00FE1E8E /* Frameworks */,
				D2734E1B2BBC029D00FE1E8E /* Resources */,
			);
			buildRules = (
			);
			dependencies = (
				D2734E1F2BBC029D00FE1E8E /* PBXTargetDependency */,
			);
			name = CalculadoraUITests;
			productName = CalculadoraUITests;
			productReference = D2734E1D2BBC029D00FE1E8E /* CalculadoraUITests.xctest */;
			productType = "com.apple.product-type.bundle.ui-testing";
		};
/* End PBXNativeTarget section */

/* Begin PBXProject section */
		D2734DF52BBC029B00FE1E8E /* Project object */ = {
			isa = PBXProject;
			attributes = {
				BuildIndependentTargetsInParallel = 1;
				LastSwiftUpdateCheck = 1530;
				LastUpgradeCheck = 1530;
				TargetAttributes = {
					D2734DFC2BBC029B00FE1E8E = {
						CreatedOnToolsVersion = 15.3;
					};
					D2734E122BBC029D00FE1E8E = {
						CreatedOnToolsVersion = 15.3;
						TestTargetID = D2734DFC2BBC029B00FE1E8E;
					};
					D2734E1C2BBC029D00FE1E8E = {
						CreatedOnToolsVersion = 15.3;
						TestTargetID = D2734DFC2BBC029B00FE1E8E;
					};
				};
			};
			buildConfigurationList = D2734DF82BBC029B00FE1E8E /* Build configuration list for PBXProject "Calculadora" */;
			compatibilityVersion = "Xcode 14.0";
			developmentRegion = en;
			hasScannedForEncodings = 0;
			knownRegions = (
				en,
				Base,
			);
			mainGroup = D2734DF42BBC029B00FE1E8E;
			productRefGroup = D2734DFE2BBC029B00FE1E8E /* Products */;
			projectDirPath = "";
			projectRoot = "";
			targets = (
				D2734DFC2BBC029B00FE1E8E /* Calculadora */,
				D2734E122BBC029D00FE1E8E /* CalculadoraTests */,
				D2734E1C2BBC029D00FE1E8E /* CalculadoraUITests */,
			);
		};
/* End PBXProject section */

/* Begin PBXResourcesBuildPhase section */
		D2734DFB2BBC029B00FE1E8E /* Resources */ = {
			isa = PBXResourcesBuildPhase;
			buildActionMask = 2147483647;
			files = (
				D2734E0A2BBC029C00FE1E8E /* Assets.xcassets in Resources */,
				D2734E0D2BBC029C00FE1E8E /* Base in Resources */,
				D2734E082BBC029B00FE1E8E /* Base in Resources */,
			);
			runOnlyForDeploymentPostprocessing = 0;
		};
		D2734E112BBC029D00FE1E8E /* Resources */ = {
			isa = PBXResourcesBuildPhase;
			buildActionMask = 2147483647;
			files = (
			);
			runOnlyForDeploymentPostprocessing = 0;
		};
		D2734E1B2BBC029D00FE1E8E /* Resources */ = {
			isa = PBXResourcesBuildPhase;
			buildActionMask = 2147483647;
			files = (
			);
			runOnlyForDeploymentPostprocessing = 0;
		};
/* End PBXResourcesBuildPhase section */

/* Begin PBXSourcesBuildPhase section */
		D2734DF92BBC029B00FE1E8E /* Sources */ = {
			isa = PBXSourcesBuildPhase;
			buildActionMask = 2147483647;
			files = (
				D2734E052BBC029B00FE1E8E /* ViewController.swift in Sources */,
				D2734E012BBC029B00FE1E8E /* AppDelegate.swift in Sources */,
				D2734E032BBC029B00FE1E8E /* SceneDelegate.swift in Sources */,
				D2734E352BBC39EA00FE1E8E /* ComponentesUI.swift in Sources */,
				D2734E372BBC3A6200FE1E8E /* Calculos.swift in Sources */,
			);
			runOnlyForDeploymentPostprocessing = 0;
		};
		D2734E0F2BBC029D00FE1E8E /* Sources */ = {
			isa = PBXSourcesBuildPhase;
			buildActionMask = 2147483647;
			files = (
				D2734E182BBC029D00FE1E8E /* CalculadoraTests.swift in Sources */,
			);
			runOnlyForDeploymentPostprocessing = 0;
		};
		D2734E192BBC029D00FE1E8E /* Sources */ = {
			isa = PBXSourcesBuildPhase;
			buildActionMask = 2147483647;
			files = (
				D2734E242BBC029D00FE1E8E /* CalculadoraUITestsLaunchTests.swift in Sources */,
				D2734E222BBC029D00FE1E8E /* CalculadoraUITests.swift in Sources */,
			);
			runOnlyForDeploymentPostprocessing = 0;
		};
/* End PBXSourcesBuildPhase section */

/* Begin PBXTargetDependency section */
		D2734E152BBC029D00FE1E8E /* PBXTargetDependency */ = {
			isa = PBXTargetDependency;
			target = D2734DFC2BBC029B00FE1E8E /* Calculadora */;
			targetProxy = D2734E142BBC029D00FE1E8E /* PBXContainerItemProxy */;
		};
		D2734E1F2BBC029D00FE1E8E /* PBXTargetDependency */ = {
			isa = PBXTargetDependency;
			target = D2734DFC2BBC029B00FE1E8E /* Calculadora */;
			targetProxy = D2734E1E2BBC029D00FE1E8E /* PBXContainerItemProxy */;
		};
/* End PBXTargetDependency section */

/* Begin PBXVariantGroup section */
		D2734E062BBC029B00FE1E8E /* Main.storyboard */ = {
			isa = PBXVariantGroup;
			children = (
				D2734E072BBC029B00FE1E8E /* Base */,
			);
			name = Main.storyboard;
			sourceTree = "<group>";
		};
		D2734E0B2BBC029C00FE1E8E /* LaunchScreen.storyboard */ = {
			isa = PBXVariantGroup;
			children = (
				D2734E0C2BBC029C00FE1E8E /* Base */,
			);
			name = LaunchScreen.storyboard;
			sourceTree = "<group>";
		};
/* End PBXVariantGroup section */

/* Begin XCBuildConfiguration section */
		D2734E252BBC029D00FE1E8E /* Debug */ = {
			isa = XCBuildConfiguration;
			buildSettings = {
				ALWAYS_SEARCH_USER_PATHS = NO;
				ASSETCATALOG_COMPILER_GENERATE_SWIFT_ASSET_SYMBOL_EXTENSIONS = YES;
				CLANG_ANALYZER_NONNULL = YES;
				CLANG_ANALYZER_NUMBER_OBJECT_CONVERSION = YES_AGGRESSIVE;
				CLANG_CXX_LANGUAGE_STANDARD = "gnu++20";
				CLANG_ENABLE_MODULES = YES;
				CLANG_ENABLE_OBJC_ARC = YES;
				CLANG_ENABLE_OBJC_WEAK = YES;
				CLANG_WARN_BLOCK_CAPTURE_AUTORELEASING = YES;
				CLANG_WARN_BOOL_CONVERSION = YES;
				CLANG_WARN_COMMA = YES;
				CLANG_WARN_CONSTANT_CONVERSION = YES;
				CLANG_WARN_DEPRECATED_OBJC_IMPLEMENTATIONS = YES;
				CLANG_WARN_DIRECT_OBJC_ISA_USAGE = YES_ERROR;
				CLANG_WARN_DOCUMENTATION_COMMENTS = YES;
				CLANG_WARN_EMPTY_BODY = YES;
				CLANG_WARN_ENUM_CONVERSION = YES;
				CLANG_WARN_INFINITE_RECURSION = YES;
				CLANG_WARN_INT_CONVERSION = YES;
				CLANG_WARN_NON_LITERAL_NULL_CONVERSION = YES;
				CLANG_WARN_OBJC_IMPLICIT_RETAIN_SELF = YES;
				CLANG_WARN_OBJC_LITERAL_CONVERSION = YES;
				CLANG_WARN_OBJC_ROOT_CLASS = YES_ERROR;
				CLANG_WARN_QUOTED_INCLUDE_IN_FRAMEWORK_HEADER = YES;
				CLANG_WARN_RANGE_LOOP_ANALYSIS = YES;
				CLANG_WARN_STRICT_PROTOTYPES = YES;
				CLANG_WARN_SUSPICIOUS_MOVE = YES;
				CLANG_WARN_UNGUARDED_AVAILABILITY = YES_AGGRESSIVE;
				CLANG_WARN_UNREACHABLE_CODE = YES;
				CLANG_WARN__DUPLICATE_METHOD_MATCH = YES;
				COPY_PHASE_STRIP = NO;
				DEBUG_INFORMATION_FORMAT = dwarf;
				ENABLE_STRICT_OBJC_MSGSEND = YES;
				ENABLE_TESTABILITY = YES;
				ENABLE_USER_SCRIPT_SANDBOXING = YES;
				GCC_C_LANGUAGE_STANDARD = gnu17;
				GCC_DYNAMIC_NO_PIC = NO;
				GCC_NO_COMMON_BLOCKS = YES;
				GCC_OPTIMIZATION_LEVEL = 0;
				GCC_PREPROCESSOR_DEFINITIONS = (
					"DEBUG=1",
					"$(inherited)",
				);
				GCC_WARN_64_TO_32_BIT_CONVERSION = YES;
				GCC_WARN_ABOUT_RETURN_TYPE = YES_ERROR;
				GCC_WARN_UNDECLARED_SELECTOR = YES;
				GCC_WARN_UNINITIALIZED_AUTOS = YES_AGGRESSIVE;
				GCC_WARN_UNUSED_FUNCTION = YES;
				GCC_WARN_UNUSED_VARIABLE = YES;
				IPHONEOS_DEPLOYMENT_TARGET = 17.4;
				LOCALIZATION_PREFERS_STRING_CATALOGS = YES;
				MTL_ENABLE_DEBUG_INFO = INCLUDE_SOURCE;
				MTL_FAST_MATH = YES;
				ONLY_ACTIVE_ARCH = YES;
				SDKROOT = iphoneos;
				SWIFT_ACTIVE_COMPILATION_CONDITIONS = "DEBUG $(inherited)";
				SWIFT_OPTIMIZATION_LEVEL = "-Onone";
			};
			name = Debug;
		};
		D2734E262BBC029D00FE1E8E /* Release */ = {
			isa = XCBuildConfiguration;
			buildSettings = {
				ALWAYS_SEARCH_USER_PATHS = NO;
				ASSETCATALOG_COMPILER_GENERATE_SWIFT_ASSET_SYMBOL_EXTENSIONS = YES;
				CLANG_ANALYZER_NONNULL = YES;
				CLANG_ANALYZER_NUMBER_OBJECT_CONVERSION = YES_AGGRESSIVE;
				CLANG_CXX_LANGUAGE_STANDARD = "gnu++20";
				CLANG_ENABLE_MODULES = YES;
				CLANG_ENABLE_OBJC_ARC = YES;
				CLANG_ENABLE_OBJC_WEAK = YES;
				CLANG_WARN_BLOCK_CAPTURE_AUTORELEASING = YES;
				CLANG_WARN_BOOL_CONVERSION = YES;
				CLANG_WARN_COMMA = YES;
				CLANG_WARN_CONSTANT_CONVERSION = YES;
				CLANG_WARN_DEPRECATED_OBJC_IMPLEMENTATIONS = YES;
				CLANG_WARN_DIRECT_OBJC_ISA_USAGE = YES_ERROR;
				CLANG_WARN_DOCUMENTATION_COMMENTS = YES;
				CLANG_WARN_EMPTY_BODY = YES;
				CLANG_WARN_ENUM_CONVERSION = YES;
				CLANG_WARN_INFINITE_RECURSION = YES;
				CLANG_WARN_INT_CONVERSION = YES;
				CLANG_WARN_NON_LITERAL_NULL_CONVERSION = YES;
				CLANG_WARN_OBJC_IMPLICIT_RETAIN_SELF = YES;
				CLANG_WARN_OBJC_LITERAL_CONVERSION = YES;
				CLANG_WARN_OBJC_ROOT_CLASS = YES_ERROR;
				CLANG_WARN_QUOTED_INCLUDE_IN_FRAMEWORK_HEADER = YES;
				CLANG_WARN_RANGE_LOOP_ANALYSIS = YES;
				CLANG_WARN_STRICT_PROTOTYPES = YES;
				CLANG_WARN_SUSPICIOUS_MOVE = YES;
				CLANG_WARN_UNGUARDED_AVAILABILITY = YES_AGGRESSIVE;
				CLANG_WARN_UNREACHABLE_CODE = YES;
				CLANG_WARN__DUPLICATE_METHOD_MATCH = YES;
				COPY_PHASE_STRIP = NO;
				DEBUG_INFORMATION_FORMAT = "dwarf-with-dsym";
				ENABLE_NS_ASSERTIONS = NO;
				ENABLE_STRICT_OBJC_MSGSEND = YES;
				ENABLE_USER_SCRIPT_SANDBOXING = YES;
				GCC_C_LANGUAGE_STANDARD = gnu17;
				GCC_NO_COMMON_BLOCKS = YES;
				GCC_WARN_64_TO_32_BIT_CONVERSION = YES;
				GCC_WARN_ABOUT_RETURN_TYPE = YES_ERROR;
				GCC_WARN_UNDECLARED_SELECTOR = YES;
				GCC_WARN_UNINITIALIZED_AUTOS = YES_AGGRESSIVE;
				GCC_WARN_UNUSED_FUNCTION = YES;
				GCC_WARN_UNUSED_VARIABLE = YES;
				IPHONEOS_DEPLOYMENT_TARGET = 17.4;
				LOCALIZATION_PREFERS_STRING_CATALOGS = YES;
				MTL_ENABLE_DEBUG_INFO = NO;
				MTL_FAST_MATH = YES;
				SDKROOT = iphoneos;
				SWIFT_COMPILATION_MODE = wholemodule;
				VALIDATE_PRODUCT = YES;
			};
			name = Release;
		};
		D2734E282BBC029D00FE1E8E /* Debug */ = {
			isa = XCBuildConfiguration;
			buildSettings = {
				ASSETCATALOG_COMPILER_APPICON_NAME = AppIcon;
				ASSETCATALOG_COMPILER_GLOBAL_ACCENT_COLOR_NAME = AccentColor;
				CODE_SIGN_STYLE = Automatic;
				CURRENT_PROJECT_VERSION = 1;
				GENERATE_INFOPLIST_FILE = YES;
				INFOPLIST_FILE = Calculadora/Info.plist;
				INFOPLIST_KEY_UIApplicationSupportsIndirectInputEvents = YES;
				INFOPLIST_KEY_UILaunchStoryboardName = LaunchScreen;
				INFOPLIST_KEY_UIMainStoryboardFile = Main;
				INFOPLIST_KEY_UISupportedInterfaceOrientations = UIInterfaceOrientationPortrait;
				INFOPLIST_KEY_UISupportedInterfaceOrientations_iPad = "UIInterfaceOrientationLandscapeLeft UIInterfaceOrientationLandscapeRight UIInterfaceOrientationPortrait UIInterfaceOrientationPortraitUpsideDown";
				LD_RUNPATH_SEARCH_PATHS = (
					"$(inherited)",
					"@executable_path/Frameworks",
				);
				MARKETING_VERSION = 1.0;
				PRODUCT_BUNDLE_IDENTIFIER = com.plexus.luis.Calculadora;
				PRODUCT_NAME = "$(TARGET_NAME)";
				SWIFT_EMIT_LOC_STRINGS = YES;
				SWIFT_VERSION = 5.0;
				TARGETED_DEVICE_FAMILY = "1,2";
			};
			name = Debug;
		};
		D2734E292BBC029D00FE1E8E /* Release */ = {
			isa = XCBuildConfiguration;
			buildSettings = {
				ASSETCATALOG_COMPILER_APPICON_NAME = AppIcon;
				ASSETCATALOG_COMPILER_GLOBAL_ACCENT_COLOR_NAME = AccentColor;
				CODE_SIGN_STYLE = Automatic;
				CURRENT_PROJECT_VERSION = 1;
				GENERATE_INFOPLIST_FILE = YES;
				INFOPLIST_FILE = Calculadora/Info.plist;
				INFOPLIST_KEY_UIApplicationSupportsIndirectInputEvents = YES;
				INFOPLIST_KEY_UILaunchStoryboardName = LaunchScreen;
				INFOPLIST_KEY_UIMainStoryboardFile = Main;
				INFOPLIST_KEY_UISupportedInterfaceOrientations = UIInterfaceOrientationPortrait;
				INFOPLIST_KEY_UISupportedInterfaceOrientations_iPad = "UIInterfaceOrientationLandscapeLeft UIInterfaceOrientationLandscapeRight UIInterfaceOrientationPortrait UIInterfaceOrientationPortraitUpsideDown";
				LD_RUNPATH_SEARCH_PATHS = (
					"$(inherited)",
					"@executable_path/Frameworks",
				);
				MARKETING_VERSION = 1.0;
				PRODUCT_BUNDLE_IDENTIFIER = com.plexus.luis.Calculadora;
				PRODUCT_NAME = "$(TARGET_NAME)";
				SWIFT_EMIT_LOC_STRINGS = YES;
				SWIFT_VERSION = 5.0;
				TARGETED_DEVICE_FAMILY = "1,2";
			};
			name = Release;
		};
		D2734E2B2BBC029D00FE1E8E /* Debug */ = {
			isa = XCBuildConfiguration;
			buildSettings = {
				ALWAYS_EMBED_SWIFT_STANDARD_LIBRARIES = YES;
				BUNDLE_LOADER = "$(TEST_HOST)";
				CODE_SIGN_STYLE = Automatic;
				CURRENT_PROJECT_VERSION = 1;
				GENERATE_INFOPLIST_FILE = YES;
				IPHONEOS_DEPLOYMENT_TARGET = 17.4;
				MARKETING_VERSION = 1.0;
				PRODUCT_BUNDLE_IDENTIFIER = com.plexus.luis.CalculadoraTests;
				PRODUCT_NAME = "$(TARGET_NAME)";
				SWIFT_EMIT_LOC_STRINGS = NO;
				SWIFT_VERSION = 5.0;
				TARGETED_DEVICE_FAMILY = "1,2";
				TEST_HOST = "$(BUILT_PRODUCTS_DIR)/Calculadora.app/$(BUNDLE_EXECUTABLE_FOLDER_PATH)/Calculadora";
			};
			name = Debug;
		};
		D2734E2C2BBC029D00FE1E8E /* Release */ = {
			isa = XCBuildConfiguration;
			buildSettings = {
				ALWAYS_EMBED_SWIFT_STANDARD_LIBRARIES = YES;
				BUNDLE_LOADER = "$(TEST_HOST)";
				CODE_SIGN_STYLE = Automatic;
				CURRENT_PROJECT_VERSION = 1;
				GENERATE_INFOPLIST_FILE = YES;
				IPHONEOS_DEPLOYMENT_TARGET = 17.4;
				MARKETING_VERSION = 1.0;
				PRODUCT_BUNDLE_IDENTIFIER = com.plexus.luis.CalculadoraTests;
				PRODUCT_NAME = "$(TARGET_NAME)";
				SWIFT_EMIT_LOC_STRINGS = NO;
				SWIFT_VERSION = 5.0;
				TARGETED_DEVICE_FAMILY = "1,2";
				TEST_HOST = "$(BUILT_PRODUCTS_DIR)/Calculadora.app/$(BUNDLE_EXECUTABLE_FOLDER_PATH)/Calculadora";
			};
			name = Release;
		};
		D2734E2E2BBC029D00FE1E8E /* Debug */ = {
			isa = XCBuildConfiguration;
			buildSettings = {
				ALWAYS_EMBED_SWIFT_STANDARD_LIBRARIES = YES;
				CODE_SIGN_STYLE = Automatic;
				CURRENT_PROJECT_VERSION = 1;
				GENERATE_INFOPLIST_FILE = YES;
				MARKETING_VERSION = 1.0;
				PRODUCT_BUNDLE_IDENTIFIER = com.plexus.luis.CalculadoraUITests;
				PRODUCT_NAME = "$(TARGET_NAME)";
				SWIFT_EMIT_LOC_STRINGS = NO;
				SWIFT_VERSION = 5.0;
				TARGETED_DEVICE_FAMILY = "1,2";
				TEST_TARGET_NAME = Calculadora;
			};
			name = Debug;
		};
		D2734E2F2BBC029D00FE1E8E /* Release */ = {
			isa = XCBuildConfiguration;
			buildSettings = {
				ALWAYS_EMBED_SWIFT_STANDARD_LIBRARIES = YES;
				CODE_SIGN_STYLE = Automatic;
				CURRENT_PROJECT_VERSION = 1;
				GENERATE_INFOPLIST_FILE = YES;
				MARKETING_VERSION = 1.0;
				PRODUCT_BUNDLE_IDENTIFIER = com.plexus.luis.CalculadoraUITests;
				PRODUCT_NAME = "$(TARGET_NAME)";
				SWIFT_EMIT_LOC_STRINGS = NO;
				SWIFT_VERSION = 5.0;
				TARGETED_DEVICE_FAMILY = "1,2";
				TEST_TARGET_NAME = Calculadora;
			};
			name = Release;
		};
/* End XCBuildConfiguration section */

/* Begin XCConfigurationList section */
		D2734DF82BBC029B00FE1E8E /* Build configuration list for PBXProject "Calculadora" */ = {
			isa = XCConfigurationList;
			buildConfigurations = (
				D2734E252BBC029D00FE1E8E /* Debug */,
				D2734E262BBC029D00FE1E8E /* Release */,
			);
			defaultConfigurationIsVisible = 0;
			defaultConfigurationName = Release;
		};
		D2734E272BBC029D00FE1E8E /* Build configuration list for PBXNativeTarget "Calculadora" */ = {
			isa = XCConfigurationList;
			buildConfigurations = (
				D2734E282BBC029D00FE1E8E /* Debug */,
				D2734E292BBC029D00FE1E8E /* Release */,
			);
			defaultConfigurationIsVisible = 0;
			defaultConfigurationName = Release;
		};
		D2734E2A2BBC029D00FE1E8E /* Build configuration list for PBXNativeTarget "CalculadoraTests" */ = {
			isa = XCConfigurationList;
			buildConfigurations = (
				D2734E2B2BBC029D00FE1E8E /* Debug */,
				D2734E2C2BBC029D00FE1E8E /* Release */,
			);
			defaultConfigurationIsVisible = 0;
			defaultConfigurationName = Release;
		};
		D2734E2D2BBC029D00FE1E8E /* Build configuration list for PBXNativeTarget "CalculadoraUITests" */ = {
			isa = XCConfigurationList;
			buildConfigurations = (
				D2734E2E2BBC029D00FE1E8E /* Debug */,
				D2734E2F2BBC029D00FE1E8E /* Release */,
			);
			defaultConfigurationIsVisible = 0;
			defaultConfigurationName = Release;
		};
/* End XCConfigurationList section */
	};
	rootObject = D2734DF52BBC029B00FE1E8E /* Project object */;
}
